# This file is generated by running "yarn install" inside your project.
# Manual changes might be lost - proceed with caution!

__metadata:
  version: 8
  cacheKey: 10c0

"@cloudbase/database@npm:0.9.15":
  version: 0.9.15
  resolution: "@cloudbase/database@npm:0.9.15"
  dependencies:
    bson: "npm:^4.0.2"
    lodash.clonedeep: "npm:4.5.0"
    lodash.set: "npm:4.3.2"
    lodash.unset: "npm:4.5.2"
  checksum: 10c0/c8b6d8e99cf2a99b500bc5c42536255d5231c9b382e67eda3b71aa4d7659df827097752a7574c9a0cb3c3feadc403c99381dd9daead2f1a9d4dcc2fa0a7ddbbc
  languageName: node
  linkType: hard

"@cloudbase/database@npm:1.2.2":
  version: 1.2.2
  resolution: "@cloudbase/database@npm:1.2.2"
  dependencies:
    bson: "npm:^4.0.3"
    lodash.clonedeep: "npm:4.5.0"
    lodash.set: "npm:4.3.2"
    lodash.unset: "npm:4.5.2"
  checksum: 10c0/7decdc8fa6a20b12ecb0c9a01ac21e82f3a78e4da1ffd459bae6399b504b7414fa7504699693eec0f3763774d145187600cb543d0a5cc6852205069934161dd2
  languageName: node
  linkType: hard

"@cloudbase/node-sdk@npm:2.4.7":
  version: 2.4.7
  resolution: "@cloudbase/node-sdk@npm:2.4.7"
  dependencies:
    "@cloudbase/database": "npm:1.2.2"
    "@cloudbase/signature-nodejs": "npm:1.0.0-beta.0"
    "@types/retry": "npm:^0.12.0"
    agentkeepalive: "npm:^4.1.3"
    is-regex: "npm:^1.0.4"
    jsonwebtoken: "npm:^8.5.1"
    lodash.merge: "npm:^4.6.1"
    request: "npm:^2.87.0"
    request-promise: "npm:^4.2.5"
    retry: "npm:^0.12.0"
    ts-node: "npm:^8.10.2"
    xml2js: "npm:^0.4.19"
  checksum: 10c0/f5e7a562b33b44deb230b1031cbc9d0d3f328241f2c29c0a3d0a6d7a7ebbac66dab44c88823f02a0e583752ff5fc81a03533728b37858430e0b110208ca5b2d6
  languageName: node
  linkType: hard

"@cloudbase/signature-nodejs@npm:1.0.0-beta.0":
  version: 1.0.0-beta.0
  resolution: "@cloudbase/signature-nodejs@npm:1.0.0-beta.0"
  dependencies:
    "@types/clone": "npm:^0.1.30"
    clone: "npm:^2.1.2"
    is-stream: "npm:^2.0.0"
    url: "npm:^0.11.0"
  checksum: 10c0/19cf4954311d76b7fd0fd1c5c8261fae8184ff705e219fcf44425b21706f26753d7f0d9fa7c1b6b2d3e36dd3ac1c9a2f24c26082a6cc21d55b6a3f5384d591bd
  languageName: node
  linkType: hard

"@cloudbase/signature-nodejs@npm:^1.0.0-beta.0":
  version: 1.1.0
  resolution: "@cloudbase/signature-nodejs@npm:1.1.0"
  dependencies:
    "@types/clone": "npm:^0.1.30"
    clone: "npm:^2.1.2"
    is-stream: "npm:^2.0.0"
    url: "npm:^0.11.0"
  checksum: 10c0/2e4b0db618477ee6c0c647574dcd33642f45103fb22e4354412de915a64760710279c0c84f31fcd33a6652bf864d86ca66004820609465be4441bfc501f176be
  languageName: node
  linkType: hard

"@protobufjs/aspromise@npm:^1.1.1, @protobufjs/aspromise@npm:^1.1.2":
  version: 1.1.2
  resolution: "@protobufjs/aspromise@npm:1.1.2"
  checksum: 10c0/a83343a468ff5b5ec6bff36fd788a64c839e48a07ff9f4f813564f58caf44d011cd6504ed2147bf34835bd7a7dd2107052af755961c6b098fd8902b4f6500d0f
  languageName: node
  linkType: hard

"@protobufjs/base64@npm:^1.1.2":
  version: 1.1.2
  resolution: "@protobufjs/base64@npm:1.1.2"
  checksum: 10c0/eec925e681081af190b8ee231f9bad3101e189abbc182ff279da6b531e7dbd2a56f1f306f37a80b1be9e00aa2d271690d08dcc5f326f71c9eed8546675c8caf6
  languageName: node
  linkType: hard

"@protobufjs/codegen@npm:^2.0.4":
  version: 2.0.4
  resolution: "@protobufjs/codegen@npm:2.0.4"
  checksum: 10c0/26ae337c5659e41f091606d16465bbcc1df1f37cc1ed462438b1f67be0c1e28dfb2ca9f294f39100c52161aef82edf758c95d6d75650a1ddf31f7ddee1440b43
  languageName: node
  linkType: hard

"@protobufjs/eventemitter@npm:^1.1.0":
  version: 1.1.0
  resolution: "@protobufjs/eventemitter@npm:1.1.0"
  checksum: 10c0/1eb0a75180e5206d1033e4138212a8c7089a3d418c6dfa5a6ce42e593a4ae2e5892c4ef7421f38092badba4040ea6a45f0928869989411001d8c1018ea9a6e70
  languageName: node
  linkType: hard

"@protobufjs/fetch@npm:^1.1.0":
  version: 1.1.0
  resolution: "@protobufjs/fetch@npm:1.1.0"
  dependencies:
    "@protobufjs/aspromise": "npm:^1.1.1"
    "@protobufjs/inquire": "npm:^1.1.0"
  checksum: 10c0/cda6a3dc2d50a182c5865b160f72077aac197046600091dbb005dd0a66db9cce3c5eaed6d470ac8ed49d7bcbeef6ee5f0bc288db5ff9a70cbd003e5909065233
  languageName: node
  linkType: hard

"@protobufjs/float@npm:^1.0.2":
  version: 1.0.2
  resolution: "@protobufjs/float@npm:1.0.2"
  checksum: 10c0/18f2bdede76ffcf0170708af15c9c9db6259b771e6b84c51b06df34a9c339dbbeec267d14ce0bddd20acc142b1d980d983d31434398df7f98eb0c94a0eb79069
  languageName: node
  linkType: hard

"@protobufjs/inquire@npm:^1.1.0":
  version: 1.1.0
  resolution: "@protobufjs/inquire@npm:1.1.0"
  checksum: 10c0/64372482efcba1fb4d166a2664a6395fa978b557803857c9c03500e0ac1013eb4b1aacc9ed851dd5fc22f81583670b4f4431bae186f3373fedcfde863ef5921a
  languageName: node
  linkType: hard

"@protobufjs/path@npm:^1.1.2":
  version: 1.1.2
  resolution: "@protobufjs/path@npm:1.1.2"
  checksum: 10c0/cece0a938e7f5dfd2fa03f8c14f2f1cf8b0d6e13ac7326ff4c96ea311effd5fb7ae0bba754fbf505312af2e38500250c90e68506b97c02360a43793d88a0d8b4
  languageName: node
  linkType: hard

"@protobufjs/pool@npm:^1.1.0":
  version: 1.1.0
  resolution: "@protobufjs/pool@npm:1.1.0"
  checksum: 10c0/eda2718b7f222ac6e6ad36f758a92ef90d26526026a19f4f17f668f45e0306a5bd734def3f48f51f8134ae0978b6262a5c517c08b115a551756d1a3aadfcf038
  languageName: node
  linkType: hard

"@protobufjs/utf8@npm:^1.1.0":
  version: 1.1.0
  resolution: "@protobufjs/utf8@npm:1.1.0"
  checksum: 10c0/a3fe31fe3fa29aa3349e2e04ee13dc170cc6af7c23d92ad49e3eeaf79b9766264544d3da824dba93b7855bd6a2982fb40032ef40693da98a136d835752beb487
  languageName: node
  linkType: hard

"@types/clone@npm:^0.1.30":
  version: 0.1.30
  resolution: "@types/clone@npm:0.1.30"
  checksum: 10c0/06d19c0b493665cfc91f76bedaf6b4d44a4aeb22134cbd2ad3dc69601c0220d84df82b9e89d91cf25cc55bb93b11e11aa012104fcf80c84c034631c8c0f0c8e4
  languageName: node
  linkType: hard

"@types/long@npm:^4.0.0":
  version: 4.0.2
  resolution: "@types/long@npm:4.0.2"
  checksum: 10c0/42ec66ade1f72ff9d143c5a519a65efc7c1c77be7b1ac5455c530ae9acd87baba065542f8847522af2e3ace2cc999f3ad464ef86e6b7352eece34daf88f8c924
  languageName: node
  linkType: hard

"@types/node@npm:^10.1.0":
  version: 10.17.60
  resolution: "@types/node@npm:10.17.60"
  checksum: 10c0/0742294912a6e79786cdee9ed77cff6ee8ff007b55d8e21170fc3e5994ad3a8101fea741898091876f8dc32b0a5ae3d64537b7176799e92da56346028d2cbcd2
  languageName: node
  linkType: hard

"@types/retry@npm:^0.12.0":
  version: 0.12.5
  resolution: "@types/retry@npm:0.12.5"
  checksum: 10c0/eaaca483cc62f2f02c0b8486847ee70986ca7f97afd7363037247dbe3e98df8bd56a5b50d58b1e96768a5a1be0307010d86e9991bd458d72e8df88be471bd720
  languageName: node
  linkType: hard

"agentkeepalive@npm:^4.1.3":
  version: 4.1.4
  resolution: "agentkeepalive@npm:4.1.4"
  dependencies:
    debug: "npm:^4.1.0"
    depd: "npm:^1.1.2"
    humanize-ms: "npm:^1.2.1"
  checksum: 10c0/9fce2a75711ec5759f009846b6be0581eaac389f5fb275e98ff2c0edc95c56acf251a3135e04bb0df2d0f5f8b4b655aaa9e9bfbb2a9123bd527a6f600fe4c182
  languageName: node
  linkType: hard

"ajv@npm:^6.12.3":
  version: 6.12.6
  resolution: "ajv@npm:6.12.6"
  dependencies:
    fast-deep-equal: "npm:^3.1.1"
    fast-json-stable-stringify: "npm:^2.0.0"
    json-schema-traverse: "npm:^0.4.1"
    uri-js: "npm:^4.2.2"
  checksum: 10c0/41e23642cbe545889245b9d2a45854ebba51cda6c778ebced9649420d9205f2efb39cb43dbc41e358409223b1ea43303ae4839db682c848b891e4811da1a5a71
  languageName: node
  linkType: hard

"arg@npm:^4.1.0":
  version: 4.1.3
  resolution: "arg@npm:4.1.3"
  checksum: 10c0/070ff801a9d236a6caa647507bdcc7034530604844d64408149a26b9e87c2f97650055c0f049abd1efc024b334635c01f29e0b632b371ac3f26130f4cf65997a
  languageName: node
  linkType: hard

"asn1@npm:~0.2.3":
  version: 0.2.6
  resolution: "asn1@npm:0.2.6"
  dependencies:
    safer-buffer: "npm:~2.1.0"
  checksum: 10c0/00c8a06c37e548762306bcb1488388d2f76c74c36f70c803f0c081a01d3bdf26090fc088cd812afc5e56a6d49e33765d451a5f8a68ab9c2b087eba65d2e980e0
  languageName: node
  linkType: hard

"assert-plus@npm:1.0.0, assert-plus@npm:^1.0.0":
  version: 1.0.0
  resolution: "assert-plus@npm:1.0.0"
  checksum: 10c0/b194b9d50c3a8f872ee85ab110784911e696a4d49f7ee6fc5fb63216dedbefd2c55999c70cb2eaeb4cf4a0e0338b44e9ace3627117b5bf0d42460e9132f21b91
  languageName: node
  linkType: hard

"asynckit@npm:^0.4.0":
  version: 0.4.0
  resolution: "asynckit@npm:0.4.0"
  checksum: 10c0/d73e2ddf20c4eb9337e1b3df1a0f6159481050a5de457c55b14ea2e5cb6d90bb69e004c9af54737a5ee0917fcf2c9e25de67777bbe58261847846066ba75bc9d
  languageName: node
  linkType: hard

"aws-sign2@npm:~0.7.0":
  version: 0.7.0
  resolution: "aws-sign2@npm:0.7.0"
  checksum: 10c0/021d2cc5547d4d9ef1633e0332e746a6f447997758b8b68d6fb33f290986872d2bff5f0c37d5832f41a7229361f093cd81c40898d96ed153493c0fb5cd8575d2
  languageName: node
  linkType: hard

"aws4@npm:^1.8.0":
  version: 1.11.0
  resolution: "aws4@npm:1.11.0"
  checksum: 10c0/00c32a5dc0f864a731e26406fa7d51595e09359dd8f9c813fa3122e3833f564bf95b78cdf6acf8b5d0462403d7c73ce5f22ad19050d75b17019c7978f970c4fa
  languageName: node
  linkType: hard

"axios@npm:^0.24.0":
  version: 0.24.0
  resolution: "axios@npm:0.24.0"
  dependencies:
    follow-redirects: "npm:^1.14.4"
  checksum: 10c0/d106561e761bf48633633073626eafb80289eb7c7c27f9fae4fb796939b6ecd2c9f63b596e3b3d872f7c0bec6b2fb117c58456d387e4ca2da7fc07c795a979c3
  languageName: node
  linkType: hard

"base64-js@npm:^1.3.1":
  version: 1.5.1
  resolution: "base64-js@npm:1.5.1"
  checksum: 10c0/f23823513b63173a001030fae4f2dabe283b99a9d324ade3ad3d148e218134676f1ee8568c877cd79ec1c53158dcf2d2ba527a97c606618928ba99dd930102bf
  languageName: node
  linkType: hard

"bcrypt-pbkdf@npm:^1.0.0":
  version: 1.0.2
  resolution: "bcrypt-pbkdf@npm:1.0.2"
  dependencies:
    tweetnacl: "npm:^0.14.3"
  checksum: 10c0/ddfe85230b32df25aeebfdccfbc61d3bc493ace49c884c9c68575de1f5dcf733a5d7de9def3b0f318b786616b8d85bad50a28b1da1750c43e0012c93badcc148
  languageName: node
  linkType: hard

"bluebird@npm:^3.5.0":
  version: 3.7.2
  resolution: "bluebird@npm:3.7.2"
  checksum: 10c0/680de03adc54ff925eaa6c7bb9a47a0690e8b5de60f4792604aae8ed618c65e6b63a7893b57ca924beaf53eee69c5af4f8314148c08124c550fe1df1add897d2
  languageName: node
  linkType: hard

"bson@npm:^4.0.2, bson@npm:^4.0.3":
  version: 4.5.4
  resolution: "bson@npm:4.5.4"
  dependencies:
    buffer: "npm:^5.6.0"
  checksum: 10c0/93096a76305163ba1eaf92e875a8b1f6aa558ce7a28b830847f502eff9be971bfcce52b573f4626f0b55c59a2bc87e28dae316cd2194a34279a5bdd00b9cd0bc
  languageName: node
  linkType: hard

"buffer-equal-constant-time@npm:1.0.1":
  version: 1.0.1
  resolution: "buffer-equal-constant-time@npm:1.0.1"
  checksum: 10c0/fb2294e64d23c573d0dd1f1e7a466c3e978fe94a4e0f8183937912ca374619773bef8e2aceb854129d2efecbbc515bbd0cc78d2734a3e3031edb0888531bbc8e
  languageName: node
  linkType: hard

"buffer-from@npm:^1.0.0":
  version: 1.1.2
  resolution: "buffer-from@npm:1.1.2"
  checksum: 10c0/124fff9d66d691a86d3b062eff4663fe437a9d9ee4b47b1b9e97f5a5d14f6d5399345db80f796827be7c95e70a8e765dd404b7c3ff3b3324f98e9b0c8826cc34
  languageName: node
  linkType: hard

"buffer@npm:^5.6.0":
  version: 5.7.1
  resolution: "buffer@npm:5.7.1"
  dependencies:
    base64-js: "npm:^1.3.1"
    ieee754: "npm:^1.1.13"
  checksum: 10c0/27cac81cff434ed2876058d72e7c4789d11ff1120ef32c9de48f59eab58179b66710c488987d295ae89a228f835fc66d088652dffeb8e3ba8659f80eb091d55e
  languageName: node
  linkType: hard

"call-bind@npm:^1.0.2":
  version: 1.0.2
  resolution: "call-bind@npm:1.0.2"
  dependencies:
    function-bind: "npm:^1.1.1"
    get-intrinsic: "npm:^1.0.2"
  checksum: 10c0/74ba3f31e715456e22e451d8d098779b861eba3c7cac0d9b510049aced70d75c231ba05071f97e1812c98e34e2bee734c0c6126653e0088c2d9819ca047f4073
  languageName: node
  linkType: hard

"caseless@npm:~0.12.0":
  version: 0.12.0
  resolution: "caseless@npm:0.12.0"
  checksum: 10c0/ccf64bcb6c0232cdc5b7bd91ddd06e23a4b541f138336d4725233ac538041fb2f29c2e86c3c4a7a61ef990b665348db23a047060b9414c3a6603e9fa61ad4626
  languageName: node
  linkType: hard

"charenc@npm:0.0.2":
  version: 0.0.2
  resolution: "charenc@npm:0.0.2"
  checksum: 10c0/a45ec39363a16799d0f9365c8dd0c78e711415113c6f14787a22462ef451f5013efae8a28f1c058f81fc01f2a6a16955f7a5fd0cd56247ce94a45349c89877d8
  languageName: node
  linkType: hard

"clone@npm:^2.1.2":
  version: 2.1.2
  resolution: "clone@npm:2.1.2"
  checksum: 10c0/ed0601cd0b1606bc7d82ee7175b97e68d1dd9b91fd1250a3617b38d34a095f8ee0431d40a1a611122dcccb4f93295b4fdb94942aa763392b5fe44effa50c2d5e
  languageName: node
  linkType: hard

"combined-stream@npm:^1.0.6, combined-stream@npm:~1.0.6":
  version: 1.0.8
  resolution: "combined-stream@npm:1.0.8"
  dependencies:
    delayed-stream: "npm:~1.0.0"
  checksum: 10c0/0dbb829577e1b1e839fa82b40c07ffaf7de8a09b935cadd355a73652ae70a88b4320db322f6634a4ad93424292fa80973ac6480986247f1734a1137debf271d5
  languageName: node
  linkType: hard

"core-util-is@npm:1.0.2":
  version: 1.0.2
  resolution: "core-util-is@npm:1.0.2"
  checksum: 10c0/980a37a93956d0de8a828ce508f9b9e3317039d68922ca79995421944146700e4aaf490a6dbfebcb1c5292a7184600c7710b957d724be1e37b8254c6bc0fe246
  languageName: node
  linkType: hard

"crypt@npm:0.0.2":
  version: 0.0.2
  resolution: "crypt@npm:0.0.2"
  checksum: 10c0/adbf263441dd801665d5425f044647533f39f4612544071b1471962209d235042fb703c27eea2795c7c53e1dfc242405173003f83cf4f4761a633d11f9653f18
  languageName: node
  linkType: hard

"dashdash@npm:^1.12.0":
  version: 1.14.1
  resolution: "dashdash@npm:1.14.1"
  dependencies:
    assert-plus: "npm:^1.0.0"
  checksum: 10c0/64589a15c5bd01fa41ff7007e0f2c6552c5ef2028075daa16b188a3721f4ba001841bf306dfc2eee6e2e6e7f76b38f5f17fb21fa847504192290ffa9e150118a
  languageName: node
  linkType: hard

"debug@npm:^4.1.0":
  version: 4.3.2
  resolution: "debug@npm:4.3.2"
  dependencies:
    ms: "npm:2.1.2"
  peerDependenciesMeta:
    supports-color:
      optional: true
  checksum: 10c0/3cc408070bcee066ee9b2a4f3a9c40f53728919ec7c7ff568f7c3a75b0723cb5a8407191a63495be4e10669e99b0ff7f26ec70e10b025da1898cdce4876d96ca
  languageName: node
  linkType: hard

"delayed-stream@npm:~1.0.0":
  version: 1.0.0
  resolution: "delayed-stream@npm:1.0.0"
  checksum: 10c0/d758899da03392e6712f042bec80aa293bbe9e9ff1b2634baae6a360113e708b91326594c8a486d475c69d6259afb7efacdc3537bfcda1c6c648e390ce601b19
  languageName: node
  linkType: hard

"depd@npm:^1.1.2":
  version: 1.1.2
  resolution: "depd@npm:1.1.2"
  checksum: 10c0/acb24aaf936ef9a227b6be6d495f0d2eb20108a9a6ad40585c5bda1a897031512fef6484e4fdbb80bd249fdaa82841fa1039f416ece03188e677ba11bcfda249
  languageName: node
  linkType: hard

"diff@npm:^4.0.1":
  version: 4.0.2
  resolution: "diff@npm:4.0.2"
  checksum: 10c0/81b91f9d39c4eaca068eb0c1eb0e4afbdc5bb2941d197f513dd596b820b956fef43485876226d65d497bebc15666aa2aa82c679e84f65d5f2bfbf14ee46e32c1
  languageName: node
  linkType: hard

"ecc-jsbn@npm:~0.1.1":
  version: 0.1.2
  resolution: "ecc-jsbn@npm:0.1.2"
  dependencies:
    jsbn: "npm:~0.1.0"
    safer-buffer: "npm:^2.1.0"
  checksum: 10c0/6cf168bae1e2dad2e46561d9af9cbabfbf5ff592176ad4e9f0f41eaaf5fe5e10bb58147fe0a804de62b1ee9dad42c28810c88d652b21b6013c47ba8efa274ca1
  languageName: node
  linkType: hard

"ecdsa-sig-formatter@npm:1.0.11":
  version: 1.0.11
  resolution: "ecdsa-sig-formatter@npm:1.0.11"
  dependencies:
    safe-buffer: "npm:^5.0.1"
  checksum: 10c0/ebfbf19d4b8be938f4dd4a83b8788385da353d63307ede301a9252f9f7f88672e76f2191618fd8edfc2f24679236064176fab0b78131b161ee73daa37125408c
  languageName: node
  linkType: hard

"extend@npm:~3.0.2":
  version: 3.0.2
  resolution: "extend@npm:3.0.2"
  checksum: 10c0/73bf6e27406e80aa3e85b0d1c4fd987261e628064e170ca781125c0b635a3dabad5e05adbf07595ea0cf1e6c5396cacb214af933da7cbaf24fe75ff14818e8f9
  languageName: node
  linkType: hard

"extsprintf@npm:1.3.0":
  version: 1.3.0
  resolution: "extsprintf@npm:1.3.0"
  checksum: 10c0/f75114a8388f0cbce68e277b6495dc3930db4dde1611072e4a140c24e204affd77320d004b947a132e9a3b97b8253017b2b62dce661975fb0adced707abf1ab5
  languageName: node
  linkType: hard

"extsprintf@npm:^1.2.0":
  version: 1.4.1
  resolution: "extsprintf@npm:1.4.1"
  checksum: 10c0/e10e2769985d0e9b6c7199b053a9957589d02e84de42832c295798cb422a025e6d4a92e0259c1fb4d07090f5bfde6b55fd9f880ac5855bd61d775f8ab75a7ab0
  languageName: node
  linkType: hard

"fast-deep-equal@npm:^3.1.1":
  version: 3.1.3
  resolution: "fast-deep-equal@npm:3.1.3"
  checksum: 10c0/40dedc862eb8992c54579c66d914635afbec43350afbbe991235fdcb4e3a8d5af1b23ae7e79bef7d4882d0ecee06c3197488026998fb19f72dc95acff1d1b1d0
  languageName: node
  linkType: hard

"fast-json-stable-stringify@npm:^2.0.0":
  version: 2.1.0
  resolution: "fast-json-stable-stringify@npm:2.1.0"
  checksum: 10c0/7f081eb0b8a64e0057b3bb03f974b3ef00135fbf36c1c710895cd9300f13c94ba809bb3a81cf4e1b03f6e5285610a61abbd7602d0652de423144dfee5a389c9b
  languageName: node
  linkType: hard

"follow-redirects@npm:^1.14.4":
  version: 1.14.5
  resolution: "follow-redirects@npm:1.14.5"
  peerDependenciesMeta:
    debug:
      optional: true
  checksum: 10c0/e871f8745e7af854a1b3a65fe8b3782dc44f9de08330e027c0d035994860469984fa5a71426119216d29ac98ccde52fa9b1f0e8fa697dbbf6cdcb0efaacb2181
  languageName: node
  linkType: hard

"forever-agent@npm:~0.6.1":
  version: 0.6.1
  resolution: "forever-agent@npm:0.6.1"
  checksum: 10c0/364f7f5f7d93ab661455351ce116a67877b66f59aca199559a999bd39e3cfadbfbfacc10415a915255e2210b30c23febe9aec3ca16bf2d1ff11c935a1000e24c
  languageName: node
  linkType: hard

"form-data@npm:~2.3.2":
  version: 2.3.3
  resolution: "form-data@npm:2.3.3"
  dependencies:
    asynckit: "npm:^0.4.0"
    combined-stream: "npm:^1.0.6"
    mime-types: "npm:^2.1.12"
  checksum: 10c0/706ef1e5649286b6a61e5bb87993a9842807fd8f149cd2548ee807ea4fb882247bdf7f6e64ac4720029c0cd5c80343de0e22eee1dc9e9882e12db9cc7bc016a4
  languageName: node
  linkType: hard

"function-bind@npm:^1.1.1":
  version: 1.1.1
  resolution: "function-bind@npm:1.1.1"
  checksum: 10c0/60b74b2407e1942e1ed7f8c284f8ef714d0689dcfce5319985a5b7da3fc727f40b4a59ec72dc55aa83365ad7b8fa4fac3a30d93c850a2b452f29ae03dbc10a1e
  languageName: node
  linkType: hard

"get-intrinsic@npm:^1.0.2":
  version: 1.1.1
  resolution: "get-intrinsic@npm:1.1.1"
  dependencies:
    function-bind: "npm:^1.1.1"
    has: "npm:^1.0.3"
    has-symbols: "npm:^1.0.1"
  checksum: 10c0/c01055578e9b8da37a7779b18b732436c55d93e5ffa56b0fc4d3da8468ad89a25ce2343ba1945f20c0e78119bc7bb296fb59a0da521b6e43fd632de73376e040
  languageName: node
  linkType: hard

"getVideo@workspace:.":
  version: 0.0.0-use.local
  resolution: "getVideo@workspace:."
  dependencies:
    axios: "npm:^0.24.0"
    md5: "npm:^2.3.0"
    moment: "npm:^2.29.2"
    request: "npm:^2.88.2"
    request-promise: "npm:^4.2.6"
    uuid: "npm:^8.3.2"
    wx-server-sdk: "npm:~2.5.3"
  languageName: unknown
  linkType: soft

"getpass@npm:^0.1.1":
  version: 0.1.7
  resolution: "getpass@npm:0.1.7"
  dependencies:
    assert-plus: "npm:^1.0.0"
  checksum: 10c0/c13f8530ecf16fc509f3fa5cd8dd2129ffa5d0c7ccdf5728b6022d52954c2d24be3706b4cdf15333eec52f1fbb43feb70a01dabc639d1d10071e371da8aaa52f
  languageName: node
  linkType: hard

"har-schema@npm:^2.0.0":
  version: 2.0.0
  resolution: "har-schema@npm:2.0.0"
  checksum: 10c0/3856cb76152658e0002b9c2b45b4360bb26b3e832c823caed8fcf39a01096030bf09fa5685c0f7b0f2cb3ecba6e9dce17edaf28b64a423d6201092e6be56e592
  languageName: node
  linkType: hard

"har-validator@npm:~5.1.3":
  version: 5.1.5
  resolution: "har-validator@npm:5.1.5"
  dependencies:
    ajv: "npm:^6.12.3"
    har-schema: "npm:^2.0.0"
  checksum: 10c0/f1d606eb1021839e3a905be5ef7cca81c2256a6be0748efb8fefc14312214f9e6c15d7f2eaf37514104071207d84f627b68bb9f6178703da4e06fbd1a0649a5e
  languageName: node
  linkType: hard

"has-symbols@npm:^1.0.1, has-symbols@npm:^1.0.2":
  version: 1.0.2
  resolution: "has-symbols@npm:1.0.2"
  checksum: 10c0/bfac913244c77e6cb4e3cb6d617a70419f5fa4e1959e828a789b958933ceb997706eafb9615f27089e8fa57449094a3c81695ed3ec0c3b2fa8be8d506640b0f7
  languageName: node
  linkType: hard

"has-tostringtag@npm:^1.0.0":
  version: 1.0.0
  resolution: "has-tostringtag@npm:1.0.0"
  dependencies:
    has-symbols: "npm:^1.0.2"
  checksum: 10c0/1cdba76b7d13f65198a92b8ca1560ba40edfa09e85d182bf436d928f3588a9ebd260451d569f0ed1b849c4bf54f49c862aa0d0a77f9552b1855bb6deb526c011
  languageName: node
  linkType: hard

"has@npm:^1.0.3":
  version: 1.0.3
  resolution: "has@npm:1.0.3"
  dependencies:
    function-bind: "npm:^1.1.1"
  checksum: 10c0/e1da0d2bd109f116b632f27782cf23182b42f14972ca9540e4c5aa7e52647407a0a4a76937334fddcb56befe94a3494825ec22b19b51f5e5507c3153fd1a5e1b
  languageName: node
  linkType: hard

"http-signature@npm:~1.2.0":
  version: 1.2.0
  resolution: "http-signature@npm:1.2.0"
  dependencies:
    assert-plus: "npm:^1.0.0"
    jsprim: "npm:^1.2.2"
    sshpk: "npm:^1.7.0"
  checksum: 10c0/582f7af7f354429e1fb19b3bbb9d35520843c69bb30a25b88ca3c5c2c10715f20ae7924e20cffbed220b1d3a726ef4fe8ccc48568d5744db87be9a79887d6733
  languageName: node
  linkType: hard

"humanize-ms@npm:^1.2.1":
  version: 1.2.1
  resolution: "humanize-ms@npm:1.2.1"
  dependencies:
    ms: "npm:^2.0.0"
  checksum: 10c0/f34a2c20161d02303c2807badec2f3b49cbfbbb409abd4f95a07377ae01cfe6b59e3d15ac609cffcd8f2521f0eb37b7e1091acf65da99aa2a4f1ad63c21e7e7a
  languageName: node
  linkType: hard

"ieee754@npm:^1.1.13":
  version: 1.2.1
  resolution: "ieee754@npm:1.2.1"
  checksum: 10c0/b0782ef5e0935b9f12883a2e2aa37baa75da6e66ce6515c168697b42160807d9330de9a32ec1ed73149aea02e0d822e572bca6f1e22bdcbd2149e13b050b17bb
  languageName: node
  linkType: hard

"is-buffer@npm:~1.1.6":
  version: 1.1.6
  resolution: "is-buffer@npm:1.1.6"
  checksum: 10c0/ae18aa0b6e113d6c490ad1db5e8df9bdb57758382b313f5a22c9c61084875c6396d50bbf49315f5b1926d142d74dfb8d31b40d993a383e0a158b15fea7a82234
  languageName: node
  linkType: hard

"is-regex@npm:^1.0.4":
  version: 1.1.4
  resolution: "is-regex@npm:1.1.4"
  dependencies:
    call-bind: "npm:^1.0.2"
    has-tostringtag: "npm:^1.0.0"
  checksum: 10c0/bb72aae604a69eafd4a82a93002058c416ace8cde95873589a97fc5dac96a6c6c78a9977d487b7b95426a8f5073969124dd228f043f9f604f041f32fcc465fc1
  languageName: node
  linkType: hard

"is-stream@npm:^2.0.0":
  version: 2.0.1
  resolution: "is-stream@npm:2.0.1"
  checksum: 10c0/7c284241313fc6efc329b8d7f08e16c0efeb6baab1b4cd0ba579eb78e5af1aa5da11e68559896a2067cd6c526bd29241dda4eb1225e627d5aa1a89a76d4635a5
  languageName: node
  linkType: hard

"is-typedarray@npm:~1.0.0":
  version: 1.0.0
  resolution: "is-typedarray@npm:1.0.0"
  checksum: 10c0/4c096275ba041a17a13cca33ac21c16bc4fd2d7d7eb94525e7cd2c2f2c1a3ab956e37622290642501ff4310601e413b675cf399ad6db49855527d2163b3eeeec
  languageName: node
  linkType: hard

"isstream@npm:~0.1.2":
  version: 0.1.2
  resolution: "isstream@npm:0.1.2"
  checksum: 10c0/a6686a878735ca0a48e0d674dd6d8ad31aedfaf70f07920da16ceadc7577b46d67179a60b313f2e6860cb097a2c2eb3cbd0b89e921ae89199a59a17c3273d66f
  languageName: node
  linkType: hard

"jsbn@npm:~0.1.0":
  version: 0.1.1
  resolution: "jsbn@npm:0.1.1"
  checksum: 10c0/e046e05c59ff880ee4ef68902dbdcb6d2f3c5d60c357d4d68647dc23add556c31c0e5f41bdb7e69e793dd63468bd9e085da3636341048ef577b18f5b713877c0
  languageName: node
  linkType: hard

"json-schema-traverse@npm:^0.4.1":
  version: 0.4.1
  resolution: "json-schema-traverse@npm:0.4.1"
  checksum: 10c0/108fa90d4cc6f08243aedc6da16c408daf81793bf903e9fd5ab21983cda433d5d2da49e40711da016289465ec2e62e0324dcdfbc06275a607fe3233fde4942ce
  languageName: node
  linkType: hard

"json-schema@npm:0.2.3":
  version: 0.2.3
  resolution: "json-schema@npm:0.2.3"
  checksum: 10c0/141b3fdfe69a9fa662b9bca10933204b200bd30a6431e6bb90b9fbd9d056c352ede171386c77459440208800e2339936e08dfa8af44a0979c909b6b5769bcda3
  languageName: node
  linkType: hard

"json-stringify-safe@npm:~5.0.1":
  version: 5.0.1
  resolution: "json-stringify-safe@npm:5.0.1"
  checksum: 10c0/7dbf35cd0411d1d648dceb6d59ce5857ec939e52e4afc37601aa3da611f0987d5cee5b38d58329ceddf3ed48bd7215229c8d52059ab01f2444a338bf24ed0f37
  languageName: node
  linkType: hard

"jsonwebtoken@npm:^8.5.1":
  version: 8.5.1
  resolution: "jsonwebtoken@npm:8.5.1"
  dependencies:
    jws: "npm:^3.2.2"
    lodash.includes: "npm:^4.3.0"
    lodash.isboolean: "npm:^3.0.3"
    lodash.isinteger: "npm:^4.0.4"
    lodash.isnumber: "npm:^3.0.3"
    lodash.isplainobject: "npm:^4.0.6"
    lodash.isstring: "npm:^4.0.1"
    lodash.once: "npm:^4.0.0"
    ms: "npm:^2.1.1"
    semver: "npm:^5.6.0"
  checksum: 10c0/c5ad937b6fa23a230efa8ed8ca3c0da8ebfdd377bafc3e8432a11b03ef90e733400a00b26c0dfee47db44a2e64b88b154b57e9926a92990f98dd25aaed15006e
  languageName: node
  linkType: hard

"jsprim@npm:^1.2.2":
  version: 1.4.1
  resolution: "jsprim@npm:1.4.1"
  dependencies:
    assert-plus: "npm:1.0.0"
    extsprintf: "npm:1.3.0"
    json-schema: "npm:0.2.3"
    verror: "npm:1.10.0"
  checksum: 10c0/e457bd0d5f7eb11477708d77ed37a7dae88caf8226dc807a1a7d320bdb1085b7e3f89c057c2cbbcd543be41bbb934231549ef3842c9a5bbf2def940f2d07a841
  languageName: node
  linkType: hard

"jwa@npm:^1.4.1":
  version: 1.4.1
  resolution: "jwa@npm:1.4.1"
  dependencies:
    buffer-equal-constant-time: "npm:1.0.1"
    ecdsa-sig-formatter: "npm:1.0.11"
    safe-buffer: "npm:^5.0.1"
  checksum: 10c0/5c533540bf38702e73cf14765805a94027c66a0aa8b16bc3e89d8d905e61a4ce2791e87e21be97d1293a5ee9d4f3e5e47737e671768265ca4f25706db551d5e9
  languageName: node
  linkType: hard

"jws@npm:^3.2.2":
  version: 3.2.2
  resolution: "jws@npm:3.2.2"
  dependencies:
    jwa: "npm:^1.4.1"
    safe-buffer: "npm:^5.0.1"
  checksum: 10c0/e770704533d92df358adad7d1261fdecad4d7b66fa153ba80d047e03ca0f1f73007ce5ed3fbc04d2eba09ba6e7e6e645f351e08e5ab51614df1b0aa4f384dfff
  languageName: node
  linkType: hard

"lodash.clonedeep@npm:4.5.0":
  version: 4.5.0
  resolution: "lodash.clonedeep@npm:4.5.0"
  checksum: 10c0/2caf0e4808f319d761d2939ee0642fa6867a4bbf2cfce43276698828380756b99d4c4fa226d881655e6ac298dd453fe12a5ec8ba49861777759494c534936985
  languageName: node
  linkType: hard

"lodash.includes@npm:^4.3.0":
  version: 4.3.0
  resolution: "lodash.includes@npm:4.3.0"
  checksum: 10c0/7ca498b9b75bf602d04e48c0adb842dfc7d90f77bcb2a91a2b2be34a723ad24bc1c8b3683ec6b2552a90f216c723cdea530ddb11a3320e08fa38265703978f4b
  languageName: node
  linkType: hard

"lodash.isboolean@npm:^3.0.3":
  version: 3.0.3
  resolution: "lodash.isboolean@npm:3.0.3"
  checksum: 10c0/0aac604c1ef7e72f9a6b798e5b676606042401dd58e49f051df3cc1e3adb497b3d7695635a5cbec4ae5f66456b951fdabe7d6b387055f13267cde521f10ec7f7
  languageName: node
  linkType: hard

"lodash.isinteger@npm:^4.0.4":
  version: 4.0.4
  resolution: "lodash.isinteger@npm:4.0.4"
  checksum: 10c0/4c3e023a2373bf65bf366d3b8605b97ec830bca702a926939bcaa53f8e02789b6a176e7f166b082f9365bfec4121bfeb52e86e9040cb8d450e64c858583f61b7
  languageName: node
  linkType: hard

"lodash.isnumber@npm:^3.0.3":
  version: 3.0.3
  resolution: "lodash.isnumber@npm:3.0.3"
  checksum: 10c0/2d01530513a1ee4f72dd79528444db4e6360588adcb0e2ff663db2b3f642d4bb3d687051ae1115751ca9082db4fdef675160071226ca6bbf5f0c123dbf0aa12d
  languageName: node
  linkType: hard

"lodash.isplainobject@npm:^4.0.6":
  version: 4.0.6
  resolution: "lodash.isplainobject@npm:4.0.6"
  checksum: 10c0/afd70b5c450d1e09f32a737bed06ff85b873ecd3d3d3400458725283e3f2e0bb6bf48e67dbe7a309eb371a822b16a26cca4a63c8c52db3fc7dc9d5f9dd324cbb
  languageName: node
  linkType: hard

"lodash.isstring@npm:^4.0.1":
  version: 4.0.1
  resolution: "lodash.isstring@npm:4.0.1"
  checksum: 10c0/09eaf980a283f9eef58ef95b30ec7fee61df4d6bf4aba3b5f096869cc58f24c9da17900febc8ffd67819b4e29de29793190e88dc96983db92d84c95fa85d1c92
  languageName: node
  linkType: hard

"lodash.merge@npm:^4.6.1":
  version: 4.6.2
  resolution: "lodash.merge@npm:4.6.2"
  checksum: 10c0/402fa16a1edd7538de5b5903a90228aa48eb5533986ba7fa26606a49db2572bf414ff73a2c9f5d5fd36b31c46a5d5c7e1527749c07cbcf965ccff5fbdf32c506
  languageName: node
  linkType: hard

"lodash.once@npm:^4.0.0":
  version: 4.1.1
  resolution: "lodash.once@npm:4.1.1"
  checksum: 10c0/46a9a0a66c45dd812fcc016e46605d85ad599fe87d71a02f6736220554b52ffbe82e79a483ad40f52a8a95755b0d1077fba259da8bfb6694a7abbf4a48f1fc04
  languageName: node
  linkType: hard

"lodash.set@npm:4.3.2":
  version: 4.3.2
  resolution: "lodash.set@npm:4.3.2"
  checksum: 10c0/c641d31905e51df43170dce8a1d11a1cff11356e2e2e75fe2615995408e9687d58c3e1d64c3c284c2df2bc519f79a98af737d2944d382ff82ffd244ff6075c29
  languageName: node
  linkType: hard

"lodash.unset@npm:4.5.2":
  version: 4.5.2
  resolution: "lodash.unset@npm:4.5.2"
  checksum: 10c0/332d046ac8c457c249018719093d9891dbbdd4df9a15acb99689e7b22cbcc9fe49fc712748704a52c6843f3146978a3e1b407400ca63782e2e2df90ffb69eccf
  languageName: node
  linkType: hard

"lodash@npm:^4.17.19":
  version: 4.17.21
  resolution: "lodash@npm:4.17.21"
  checksum: 10c0/d8cbea072bb08655bb4c989da418994b073a608dffa608b09ac04b43a791b12aeae7cd7ad919aa4c925f33b48490b5cfe6c1f71d827956071dae2e7bb3a6b74c
  languageName: node
  linkType: hard

"long@npm:^4.0.0":
  version: 4.0.0
  resolution: "long@npm:4.0.0"
  checksum: 10c0/50a6417d15b06104dbe4e3d4a667c39b137f130a9108ea8752b352a4cfae047531a3ac351c181792f3f8768fe17cca6b0f406674a541a86fb638aaac560d83ed
  languageName: node
  linkType: hard

"make-error@npm:^1.1.1":
  version: 1.3.6
  resolution: "make-error@npm:1.3.6"
  checksum: 10c0/171e458d86854c6b3fc46610cfacf0b45149ba043782558c6875d9f42f222124384ad0b468c92e996d815a8a2003817a710c0a160e49c1c394626f76fa45396f
  languageName: node
  linkType: hard

"md5@npm:^2.3.0":
  version: 2.3.0
  resolution: "md5@npm:2.3.0"
  dependencies:
    charenc: "npm:0.0.2"
    crypt: "npm:0.0.2"
    is-buffer: "npm:~1.1.6"
  checksum: 10c0/14a21d597d92e5b738255fbe7fe379905b8cb97e0a49d44a20b58526a646ec5518c337b817ce0094ca94d3e81a3313879c4c7b510d250c282d53afbbdede9110
  languageName: node
  linkType: hard

"mime-db@npm:1.50.0":
  version: 1.50.0
  resolution: "mime-db@npm:1.50.0"
  checksum: 10c0/2719d80d8cf1b3209d2c354a0e0f73d3c1a896d416eb0b185ed680dc795f35c0ca0273e60f6ff8b02b058d9bd86a9dfc32619762fce0a6a6e55df8d48ab4276a
  languageName: node
  linkType: hard

"mime-types@npm:^2.1.12, mime-types@npm:~2.1.19":
  version: 2.1.33
  resolution: "mime-types@npm:2.1.33"
  dependencies:
    mime-db: "npm:1.50.0"
  checksum: 10c0/251e5d7e2e2e7bf7d97d8f68af4eff737c8fde5a35845b2222318662c1ff336bf91a3a2baf4ad3cd8f00f1b2537a25d45d58e5327ee4c417cea53de1c24510b4
  languageName: node
  linkType: hard

"moment@npm:^2.29.2":
  version: 2.29.2
  resolution: "moment@npm:2.29.2"
  checksum: 10c0/e50d105b7f444677c8eed079e40482e0a525d06731190588ab668e2d65156e1caace6a47f5a111ed2816b5909e31546fccb00bff6183724a2f6e1693adc26cf7
  languageName: node
  linkType: hard

"ms@npm:2.1.2":
  version: 2.1.2
  resolution: "ms@npm:2.1.2"
  checksum: 10c0/a437714e2f90dbf881b5191d35a6db792efbca5badf112f87b9e1c712aace4b4b9b742dd6537f3edf90fd6f684de897cec230abde57e87883766712ddda297cc
  languageName: node
  linkType: hard

"ms@npm:^2.0.0, ms@npm:^2.1.1":
  version: 2.1.3
  resolution: "ms@npm:2.1.3"
  checksum: 10c0/d924b57e7312b3b63ad21fc5b3dc0af5e78d61a1fc7cfb5457edaf26326bf62be5307cc87ffb6862ef1c2b33b0233cdb5d4f01c4c958cc0d660948b65a287a48
  languageName: node
  linkType: hard

"oauth-sign@npm:~0.9.0":
  version: 0.9.0
  resolution: "oauth-sign@npm:0.9.0"
  checksum: 10c0/fc92a516f6ddbb2699089a2748b04f55c47b6ead55a77cd3a2cbbce5f7af86164cb9425f9ae19acfd066f1ad7d3a96a67b8928c6ea946426f6d6c29e448497c2
  languageName: node
  linkType: hard

"performance-now@npm:^2.1.0":
  version: 2.1.0
  resolution: "performance-now@npm:2.1.0"
  checksum: 10c0/22c54de06f269e29f640e0e075207af57de5052a3d15e360c09b9a8663f393f6f45902006c1e71aa8a5a1cdfb1a47fe268826f8496d6425c362f00f5bc3e85d9
  languageName: node
  linkType: hard

"protobufjs@npm:6.8.8":
  version: 6.8.8
  resolution: "protobufjs@npm:6.8.8"
  dependencies:
    "@protobufjs/aspromise": "npm:^1.1.2"
    "@protobufjs/base64": "npm:^1.1.2"
    "@protobufjs/codegen": "npm:^2.0.4"
    "@protobufjs/eventemitter": "npm:^1.1.0"
    "@protobufjs/fetch": "npm:^1.1.0"
    "@protobufjs/float": "npm:^1.0.2"
    "@protobufjs/inquire": "npm:^1.1.0"
    "@protobufjs/path": "npm:^1.1.2"
    "@protobufjs/pool": "npm:^1.1.0"
    "@protobufjs/utf8": "npm:^1.1.0"
    "@types/long": "npm:^4.0.0"
    "@types/node": "npm:^10.1.0"
    long: "npm:^4.0.0"
  bin:
    pbjs: bin/pbjs
    pbts: bin/pbts
  checksum: 10c0/2511ed6089245b2102c333ac56190b104f8d8227972c00f041def8387abf841fded7b2cb7130063666b7bca84597a43005ea05c5f674132a0ddd5eb94a6e7916
  languageName: node
  linkType: hard

"psl@npm:^1.1.28":
  version: 1.8.0
  resolution: "psl@npm:1.8.0"
  checksum: 10c0/b5f1956f7530860e1918e7238291689fdc3cab9c2c0cdbc47cde21addcc7f62495d794692cc1e43e54728d273f78037e8e73ac43009509a1a7f823341f4039c8
  languageName: node
  linkType: hard

"punycode@npm:1.3.2":
  version: 1.3.2
  resolution: "punycode@npm:1.3.2"
  checksum: 10c0/281fd20eaf4704f79d80cb0dc65065bf6452ee67989b3e8941aed6360a5a9a8a01d3e2ed71d0bde3cd74fb5a5dd9db4160bed5a8c20bed4b6764c24ce4c7d2d2
  languageName: node
  linkType: hard

"punycode@npm:^2.1.0, punycode@npm:^2.1.1":
  version: 2.1.1
  resolution: "punycode@npm:2.1.1"
  checksum: 10c0/83815ca9b9177f055771f31980cbec7ffaef10257d50a95ab99b4a30f0404846e85fa6887ee1bbc0aaddb7bad6d96e2fa150a016051ff0f6b92be4ad613ddca8
  languageName: node
  linkType: hard

"qs@npm:~6.5.2":
  version: 6.5.2
  resolution: "qs@npm:6.5.2"
  checksum: 10c0/dab79026d56e6f1fdcc4779a1c6e05d05dad2199443a025815399f545294c9ea2c3ab50a5198600f5f13f52c5672b4389ceccf946919e150467281abf6edf747
  languageName: node
  linkType: hard

"querystring@npm:0.2.0":
  version: 0.2.0
  resolution: "querystring@npm:0.2.0"
  checksum: 10c0/2036c9424beaacd3978bac9e4ba514331cc73163bea7bf3ad7e2c7355e55501938ec195312c607753f9c6e70b1bf9dfcda38db6241bd299c034e27ac639d64ed
  languageName: node
  linkType: hard

"request-promise-core@npm:1.1.4":
  version: 1.1.4
  resolution: "request-promise-core@npm:1.1.4"
  dependencies:
    lodash: "npm:^4.17.19"
  peerDependencies:
    request: ^2.34
  checksum: 10c0/103eb9043450b9312c005ed859c2150825a555b72e4c0a83841f6793d368eddeacde425f8688effa215eb3eb14ff8c486a3c3e80f6246e9c195628db2bf9020e
  languageName: node
  linkType: hard

"request-promise@npm:^4.2.5, request-promise@npm:^4.2.6":
  version: 4.2.6
  resolution: "request-promise@npm:4.2.6"
  dependencies:
    bluebird: "npm:^3.5.0"
    request-promise-core: "npm:1.1.4"
    stealthy-require: "npm:^1.1.1"
    tough-cookie: "npm:^2.3.3"
  peerDependencies:
    request: ^2.34
  checksum: 10c0/17ddb9eb558b2a86b5b448292123e889985be2f52d67ed9ed67834bd380b95449f50b820dadc7c555e10c57a88bca00663c2b3abe2bfcb114beb442d34743073
  languageName: node
  linkType: hard

"request@npm:^2.87.0, request@npm:^2.88.2":
  version: 2.88.2
  resolution: "request@npm:2.88.2"
  dependencies:
    aws-sign2: "npm:~0.7.0"
    aws4: "npm:^1.8.0"
    caseless: "npm:~0.12.0"
    combined-stream: "npm:~1.0.6"
    extend: "npm:~3.0.2"
    forever-agent: "npm:~0.6.1"
    form-data: "npm:~2.3.2"
    har-validator: "npm:~5.1.3"
    http-signature: "npm:~1.2.0"
    is-typedarray: "npm:~1.0.0"
    isstream: "npm:~0.1.2"
    json-stringify-safe: "npm:~5.0.1"
    mime-types: "npm:~2.1.19"
    oauth-sign: "npm:~0.9.0"
    performance-now: "npm:^2.1.0"
    qs: "npm:~6.5.2"
    safe-buffer: "npm:^5.1.2"
    tough-cookie: "npm:~2.5.0"
    tunnel-agent: "npm:^0.6.0"
    uuid: "npm:^3.3.2"
  checksum: 10c0/0ec66e7af1391e51ad231de3b1c6c6aef3ebd0a238aa50d4191c7a792dcdb14920eea8d570c702dc5682f276fe569d176f9b8ebc6031a3cf4a630a691a431a63
  languageName: node
  linkType: hard

"retry@npm:^0.12.0":
  version: 0.12.0
  resolution: "retry@npm:0.12.0"
  checksum: 10c0/59933e8501727ba13ad73ef4a04d5280b3717fd650408460c987392efe9d7be2040778ed8ebe933c5cbd63da3dcc37919c141ef8af0a54a6e4fca5a2af177bfe
  languageName: node
  linkType: hard

"safe-buffer@npm:^5.0.1, safe-buffer@npm:^5.1.2":
  version: 5.2.1
  resolution: "safe-buffer@npm:5.2.1"
  checksum: 10c0/6501914237c0a86e9675d4e51d89ca3c21ffd6a31642efeba25ad65720bce6921c9e7e974e5be91a786b25aa058b5303285d3c15dbabf983a919f5f630d349f3
  languageName: node
  linkType: hard

"safer-buffer@npm:^2.0.2, safer-buffer@npm:^2.1.0, safer-buffer@npm:~2.1.0":
  version: 2.1.2
  resolution: "safer-buffer@npm:2.1.2"
  checksum: 10c0/7e3c8b2e88a1841c9671094bbaeebd94448111dd90a81a1f606f3f67708a6ec57763b3b47f06da09fc6054193e0e6709e77325415dc8422b04497a8070fa02d4
  languageName: node
  linkType: hard

"sax@npm:>=0.6.0":
  version: 1.2.4
  resolution: "sax@npm:1.2.4"
  checksum: 10c0/6e9b05ff443ee5e5096ce92d31c0740a20d33002fad714ebcb8fc7a664d9ee159103ebe8f7aef0a1f7c5ecacdd01f177f510dff95611c589399baf76437d3fe3
  languageName: node
  linkType: hard

"semver@npm:^5.6.0":
  version: 5.7.1
  resolution: "semver@npm:5.7.1"
  bin:
    semver: ./bin/semver
  checksum: 10c0/d4884f2aeca28bff35d0bd40ff0a9b2dfc4b36a883bf0ea5dc15d10d9a01bdc9041035b05f825d4b5ac8a56e490703dbf0d986d054de82cc5e9bad3f02ca6e00
  languageName: node
  linkType: hard

"source-map-support@npm:^0.5.17":
  version: 0.5.20
  resolution: "source-map-support@npm:0.5.20"
  dependencies:
    buffer-from: "npm:^1.0.0"
    source-map: "npm:^0.6.0"
  checksum: 10c0/84a909248b1b7971d37fde1f2488a5e3b7aa2d676f92373a8bddcf5b059574d09971b82d2911ae91feb8245f9f2b0e0766f73b9c51ffb26c0fd2df5d44938307
  languageName: node
  linkType: hard

"source-map@npm:^0.6.0":
  version: 0.6.1
  resolution: "source-map@npm:0.6.1"
  checksum: 10c0/ab55398007c5e5532957cb0beee2368529618ac0ab372d789806f5718123cc4367d57de3904b4e6a4170eb5a0b0f41373066d02ca0735a0c4d75c7d328d3e011
  languageName: node
  linkType: hard

"sshpk@npm:^1.7.0":
  version: 1.16.1
  resolution: "sshpk@npm:1.16.1"
  dependencies:
    asn1: "npm:~0.2.3"
    assert-plus: "npm:^1.0.0"
    bcrypt-pbkdf: "npm:^1.0.0"
    dashdash: "npm:^1.12.0"
    ecc-jsbn: "npm:~0.1.1"
    getpass: "npm:^0.1.1"
    jsbn: "npm:~0.1.0"
    safer-buffer: "npm:^2.0.2"
    tweetnacl: "npm:~0.14.0"
  bin:
    sshpk-conv: bin/sshpk-conv
    sshpk-sign: bin/sshpk-sign
    sshpk-verify: bin/sshpk-verify
  checksum: 10c0/0fd664954f6c9dd07d77076e26c15de4ede5ea4457df86119c0c67d28b53d7a97647431e198869ebaf680cf8d292db2114a28d4c30841125e50c0de37a4b89bf
  languageName: node
  linkType: hard

"stealthy-require@npm:^1.1.1":
  version: 1.1.1
  resolution: "stealthy-require@npm:1.1.1"
  checksum: 10c0/714b61e152ba03a5e098b5364cc3076d8036edabc2892143fe3c64291194a401b74f071fadebba94551fb013a02f3bcad56a8be29a67b3c644ac78ffda921f80
  languageName: node
  linkType: hard

"tcb-admin-node@npm:latest":
  version: 1.23.0
  resolution: "tcb-admin-node@npm:1.23.0"
  dependencies:
    "@cloudbase/database": "npm:0.9.15"
    "@cloudbase/signature-nodejs": "npm:^1.0.0-beta.0"
    is-regex: "npm:^1.0.4"
    jsonwebtoken: "npm:^8.5.1"
    lodash.merge: "npm:^4.6.1"
    request: "npm:^2.87.0"
    xml2js: "npm:^0.4.19"
  checksum: 10c0/698fd45e4003ded85b8051ab1cd9d5aa1d343a624e23127aad73599de11bede239fca678be9d6cf32659ae82f99cdce82e753856e9fb2da058eafd0cdb41cd9d
  languageName: node
  linkType: hard

"tough-cookie@npm:^2.3.3, tough-cookie@npm:~2.5.0":
  version: 2.5.0
  resolution: "tough-cookie@npm:2.5.0"
  dependencies:
    psl: "npm:^1.1.28"
    punycode: "npm:^2.1.1"
  checksum: 10c0/e1cadfb24d40d64ca16de05fa8192bc097b66aeeb2704199b055ff12f450e4f30c927ce250f53d01f39baad18e1c11d66f65e545c5c6269de4c366fafa4c0543
  languageName: node
  linkType: hard

"ts-node@npm:^8.10.2":
  version: 8.10.2
  resolution: "ts-node@npm:8.10.2"
  dependencies:
    arg: "npm:^4.1.0"
    diff: "npm:^4.0.1"
    make-error: "npm:^1.1.1"
    source-map-support: "npm:^0.5.17"
    yn: "npm:3.1.1"
  peerDependencies:
    typescript: ">=2.7"
  bin:
    ts-node: dist/bin.js
    ts-node-script: dist/bin-script.js
    ts-node-transpile-only: dist/bin-transpile.js
    ts-script: dist/bin-script-deprecated.js
  checksum: 10c0/628343f62fff2543b4559a93eb27005084aea7609945e77f311031c5e96c4099736646856e1792605b90e8007d2c060fe80783be21c94788d91d6f259aab92e2
  languageName: node
  linkType: hard

"tslib@npm:^1.9.3":
  version: 1.14.1
  resolution: "tslib@npm:1.14.1"
  checksum: 10c0/69ae09c49eea644bc5ebe1bca4fa4cc2c82b7b3e02f43b84bd891504edf66dbc6b2ec0eef31a957042de2269139e4acff911e6d186a258fb14069cd7f6febce2
  languageName: node
  linkType: hard

"tunnel-agent@npm:^0.6.0":
  version: 0.6.0
  resolution: "tunnel-agent@npm:0.6.0"
  dependencies:
    safe-buffer: "npm:^5.0.1"
  checksum: 10c0/4c7a1b813e7beae66fdbf567a65ec6d46313643753d0beefb3c7973d66fcec3a1e7f39759f0a0b4465883499c6dc8b0750ab8b287399af2e583823e40410a17a
  languageName: node
  linkType: hard

"tweetnacl@npm:^0.14.3, tweetnacl@npm:~0.14.0":
  version: 0.14.5
  resolution: "tweetnacl@npm:0.14.5"
  checksum: 10c0/4612772653512c7bc19e61923fbf42903f5e0389ec76a4a1f17195859d114671ea4aa3b734c2029ce7e1fa7e5cc8b80580f67b071ecf0b46b5636d030a0102a2
  languageName: node
  linkType: hard

"uri-js@npm:^4.2.2":
  version: 4.4.1
  resolution: "uri-js@npm:4.4.1"
  dependencies:
    punycode: "npm:^2.1.0"
  checksum: 10c0/4ef57b45aa820d7ac6496e9208559986c665e49447cb072744c13b66925a362d96dd5a46c4530a6b8e203e5db5fe849369444440cb22ecfc26c679359e5dfa3c
  languageName: node
  linkType: hard

"url@npm:^0.11.0":
  version: 0.11.0
  resolution: "url@npm:0.11.0"
  dependencies:
    punycode: "npm:1.3.2"
    querystring: "npm:0.2.0"
  checksum: 10c0/bbe05f9f570ec5c06421c50ca63f287e61279092eed0891db69a9619323703ccd3987e6eed234c468794cf25680c599680d5c1f58d26090f1956c8e9ed8346a2
  languageName: node
  linkType: hard

"uuid@npm:^3.3.2":
  version: 3.4.0
  resolution: "uuid@npm:3.4.0"
  bin:
    uuid: ./bin/uuid
  checksum: 10c0/1c13950df865c4f506ebfe0a24023571fa80edf2e62364297a537c80af09c618299797bbf2dbac6b1f8ae5ad182ba474b89db61e0e85839683991f7e08795347
  languageName: node
  linkType: hard

"uuid@npm:^8.3.2":
  version: 8.3.2
  resolution: "uuid@npm:8.3.2"
  bin:
    uuid: dist/bin/uuid
  checksum: 10c0/bcbb807a917d374a49f475fae2e87fdca7da5e5530820ef53f65ba1d12131bd81a92ecf259cc7ce317cbe0f289e7d79fdfebcef9bfa3087c8c8a2fa304c9be54
  languageName: node
  linkType: hard

"verror@npm:1.10.0":
  version: 1.10.0
  resolution: "verror@npm:1.10.0"
  dependencies:
    assert-plus: "npm:^1.0.0"
    core-util-is: "npm:1.0.2"
    extsprintf: "npm:^1.2.0"
  checksum: 10c0/37ccdf8542b5863c525128908ac80f2b476eed36a32cb944de930ca1e2e78584cc435c4b9b4c68d0fc13a47b45ff364b4be43aa74f8804f9050140f660fb660d
  languageName: node
  linkType: hard

"wx-server-sdk@npm:~2.5.3":
  version: 2.5.3
  resolution: "wx-server-sdk@npm:2.5.3"
  dependencies:
    "@cloudbase/node-sdk": "npm:2.4.7"
    protobufjs: "npm:6.8.8"
    tcb-admin-node: "npm:latest"
    tslib: "npm:^1.9.3"
  checksum: 10c0/24445464fc9472fba1fabd8fb748507735930f9864677625e97e7923c6956829eb4819ab31417f09eeba3eb0c182f8c5dfc799cf05729a7ac268bcd824c38a2f
  languageName: node
  linkType: hard

"xml2js@npm:^0.4.19":
  version: 0.4.23
  resolution: "xml2js@npm:0.4.23"
  dependencies:
    sax: "npm:>=0.6.0"
    xmlbuilder: "npm:~11.0.0"
  checksum: 10c0/a3f41c9afc46d5bd0bea4070e5108777b605fd5ce2ebb978a68fd4c75513978ad5939f8135664ffea6f1adb342f391b1ba1584ed7955123b036e9ab8a1d26566
  languageName: node
  linkType: hard

"xmlbuilder@npm:~11.0.0":
  version: 11.0.1
  resolution: "xmlbuilder@npm:11.0.1"
  checksum: 10c0/74b979f89a0a129926bc786b913459bdbcefa809afaa551c5ab83f89b1915bdaea14c11c759284bb9b931e3b53004dbc2181e21d3ca9553eeb0b2a7b4e40c35b
  languageName: node
  linkType: hard

"yn@npm:3.1.1":
  version: 3.1.1
  resolution: "yn@npm:3.1.1"
  checksum: 10c0/0732468dd7622ed8a274f640f191f3eaf1f39d5349a1b72836df484998d7d9807fbea094e2f5486d6b0cd2414aad5775972df0e68f8604db89a239f0f4bf7443
  languageName: node
  linkType: hard
